// !$*UTF8*$!
{
	archiveVersion = 1;
	classes = {
	};
	objectVersion = 55;
	objects = {

/* Begin PBXBuildFile section */
		EC059AC228E7CD56000E24F1 /* AppDelegate.swift in Sources */ = {isa = PBXBuildFile; fileRef = EC059AC128E7CD56000E24F1 /* AppDelegate.swift */; };
		EC059AC428E7CD56000E24F1 /* SceneDelegate.swift in Sources */ = {isa = PBXBuildFile; fileRef = EC059AC328E7CD56000E24F1 /* SceneDelegate.swift */; };
		EC059AC628E7CD56000E24F1 /* ViewController.swift in Sources */ = {isa = PBXBuildFile; fileRef = EC059AC528E7CD56000E24F1 /* ViewController.swift */; };
		EC059AC928E7CD56000E24F1 /* Main.storyboard in Resources */ = {isa = PBXBuildFile; fileRef = EC059AC728E7CD56000E24F1 /* Main.storyboard */; };
		EC059ACB28E7CD57000E24F1 /* Assets.xcassets in Resources */ = {isa = PBXBuildFile; fileRef = EC059ACA28E7CD57000E24F1 /* Assets.xcassets */; };
		EC059ACE28E7CD57000E24F1 /* LaunchScreen.storyboard in Resources */ = {isa = PBXBuildFile; fileRef = EC059ACC28E7CD57000E24F1 /* LaunchScreen.storyboard */; };
		EC059AD928E7CD57000E24F1 /* TestTests.swift in Sources */ = {isa = PBXBuildFile; fileRef = EC059AD828E7CD57000E24F1 /* TestTests.swift */; };
		EC059AE328E7CD57000E24F1 /* TestUITests.swift in Sources */ = {isa = PBXBuildFile; fileRef = EC059AE228E7CD57000E24F1 /* TestUITests.swift */; };
		EC059AE528E7CD57000E24F1 /* TestUITestsLaunchTests.swift in Sources */ = {isa = PBXBuildFile; fileRef = EC059AE428E7CD57000E24F1 /* TestUITestsLaunchTests.swift */; };
		EC059AF228E7CDA3000E24F1 /* LottoMachine.swift in Sources */ = {isa = PBXBuildFile; fileRef = EC059AF128E7CDA3000E24F1 /* LottoMachine.swift */; };
/* End PBXBuildFile section */

/* Begin PBXContainerItemProxy section */
		EC059AD528E7CD57000E24F1 /* PBXContainerItemProxy */ = {
			isa = PBXContainerItemProxy;
			containerPortal = EC059AB628E7CD56000E24F1 /* Project object */;
			proxyType = 1;
			remoteGlobalIDString = EC059ABD28E7CD56000E24F1;
			remoteInfo = Test;
		};
		EC059ADF28E7CD57000E24F1 /* PBXContainerItemProxy */ = {
			isa = PBXContainerItemProxy;
			containerPortal = EC059AB628E7CD56000E24F1 /* Project object */;
			proxyType = 1;
			remoteGlobalIDString = EC059ABD28E7CD56000E24F1;
			remoteInfo = Test;
		};
/* End PBXContainerItemProxy section */

/* Begin PBXFileReference section */
		EC059ABE28E7CD56000E24F1 /* Test.app */ = {isa = PBXFileReference; explicitFileType = wrapper.application; includeInIndex = 0; path = Test.app; sourceTree = BUILT_PRODUCTS_DIR; };
		EC059AC128E7CD56000E24F1 /* AppDelegate.swift */ = {isa = PBXFileReference; lastKnownFileType = sourcecode.swift; path = AppDelegate.swift; sourceTree = "<group>"; };
		EC059AC328E7CD56000E24F1 /* SceneDelegate.swift */ = {isa = PBXFileReference; lastKnownFileType = sourcecode.swift; path = SceneDelegate.swift; sourceTree = "<group>"; };
		EC059AC528E7CD56000E24F1 /* ViewController.swift */ = {isa = PBXFileReference; lastKnownFileType = sourcecode.swift; path = ViewController.swift; sourceTree = "<group>"; };
		EC059AC828E7CD56000E24F1 /* Base */ = {isa = PBXFileReference; lastKnownFileType = file.storyboard; name = Base; path = Base.lproj/Main.storyboard; sourceTree = "<group>"; };
		EC059ACA28E7CD57000E24F1 /* Assets.xcassets */ = {isa = PBXFileReference; lastKnownFileType = folder.assetcatalog; path = Assets.xcassets; sourceTree = "<group>"; };
		EC059ACD28E7CD57000E24F1 /* Base */ = {isa = PBXFileReference; lastKnownFileType = file.storyboard; name = Base; path = Base.lproj/LaunchScreen.storyboard; sourceTree = "<group>"; };
		EC059ACF28E7CD57000E24F1 /* Info.plist */ = {isa = PBXFileReference; lastKnownFileType = text.plist.xml; path = Info.plist; sourceTree = "<group>"; };
		EC059AD428E7CD57000E24F1 /* TestTests.xctest */ = {isa = PBXFileReference; explicitFileType = wrapper.cfbundle; includeInIndex = 0; path = TestTests.xctest; sourceTree = BUILT_PRODUCTS_DIR; };
		EC059AD828E7CD57000E24F1 /* TestTests.swift */ = {isa = PBXFileReference; lastKnownFileType = sourcecode.swift; path = TestTests.swift; sourceTree = "<group>"; };
		EC059ADE28E7CD57000E24F1 /* TestUITests.xctest */ = {isa = PBXFileReference; explicitFileType = wrapper.cfbundle; includeInIndex = 0; path = TestUITests.xctest; sourceTree = BUILT_PRODUCTS_DIR; };
		EC059AE228E7CD57000E24F1 /* TestUITests.swift */ = {isa = PBXFileReference; lastKnownFileType = sourcecode.swift; path = TestUITests.swift; sourceTree = "<group>"; };
		EC059AE428E7CD57000E24F1 /* TestUITestsLaunchTests.swift */ = {isa = PBXFileReference; lastKnownFileType = sourcecode.swift; path = TestUITestsLaunchTests.swift; sourceTree = "<group>"; };
		EC059AF128E7CDA3000E24F1 /* LottoMachine.swift */ = {isa = PBXFileReference; lastKnownFileType = sourcecode.swift; path = LottoMachine.swift; sourceTree = "<group>"; };
/* End PBXFileReference section */

/* Begin PBXFrameworksBuildPhase section */
		EC059ABB28E7CD56000E24F1 /* Frameworks */ = {
			isa = PBXFrameworksBuildPhase;
			buildActionMask = 2147483647;
			files = (
			);
			runOnlyForDeploymentPostprocessing = 0;
		};
		EC059AD128E7CD57000E24F1 /* Frameworks */ = {
			isa = PBXFrameworksBuildPhase;
			buildActionMask = 2147483647;
			files = (
			);
			runOnlyForDeploymentPostprocessing = 0;
		};
		EC059ADB28E7CD57000E24F1 /* Frameworks */ = {
			isa = PBXFrameworksBuildPhase;
			buildActionMask = 2147483647;
			files = (
			);
			runOnlyForDeploymentPostprocessing = 0;
		};
/* End PBXFrameworksBuildPhase section */

/* Begin PBXGroup section */
		EC059AB528E7CD56000E24F1 = {
			isa = PBXGroup;
			children = (
				EC059AC028E7CD56000E24F1 /* Test */,
				EC059AD728E7CD57000E24F1 /* TestTests */,
				EC059AE128E7CD57000E24F1 /* TestUITests */,
				EC059ABF28E7CD56000E24F1 /* Products */,
			);
			sourceTree = "<group>";
		};
		EC059ABF28E7CD56000E24F1 /* Products */ = {
			isa = PBXGroup;
			children = (
				EC059ABE28E7CD56000E24F1 /* Test.app */,
				EC059AD428E7CD57000E24F1 /* TestTests.xctest */,
				EC059ADE28E7CD57000E24F1 /* TestUITests.xctest */,
			);
			name = Products;
			sourceTree = "<group>";
		};
		EC059AC028E7CD56000E24F1 /* Test */ = {
			isa = PBXGroup;
			children = (
				EC059AC128E7CD56000E24F1 /* AppDelegate.swift */,
				EC059AC328E7CD56000E24F1 /* SceneDelegate.swift */,
				EC059AC528E7CD56000E24F1 /* ViewController.swift */,
				EC059AC728E7CD56000E24F1 /* Main.storyboard */,
				EC059ACA28E7CD57000E24F1 /* Assets.xcassets */,
				EC059ACC28E7CD57000E24F1 /* LaunchScreen.storyboard */,
				EC059ACF28E7CD57000E24F1 /* Info.plist */,
				EC059AF128E7CDA3000E24F1 /* LottoMachine.swift */,
			);
			path = Test;
			sourceTree = "<group>";
		};
		EC059AD728E7CD57000E24F1 /* TestTests */ = {
			isa = PBXGroup;
			children = (
				EC059AD828E7CD57000E24F1 /* TestTests.swift */,
			);
			path = TestTests;
			sourceTree = "<group>";
		};
		EC059AE128E7CD57000E24F1 /* TestUITests */ = {
			isa = PBXGroup;
			children = (
				EC059AE228E7CD57000E24F1 /* TestUITests.swift */,
				EC059AE428E7CD57000E24F1 /* TestUITestsLaunchTests.swift */,
			);
			path = TestUITests;
			sourceTree = "<group>";
		};
/* End PBXGroup section */

/* Begin PBXNativeTarget section */
		EC059ABD28E7CD56000E24F1 /* Test */ = {
			isa = PBXNativeTarget;
			buildConfigurationList = EC059AE828E7CD57000E24F1 /* Build configuration list for PBXNativeTarget "Test" */;
			buildPhases = (
				EC059ABA28E7CD56000E24F1 /* Sources */,
				EC059ABB28E7CD56000E24F1 /* Frameworks */,
				EC059ABC28E7CD56000E24F1 /* Resources */,
			);
			buildRules = (
			);
			dependencies = (
			);
			name = Test;
			productName = Test;
			productReference = EC059ABE28E7CD56000E24F1 /* Test.app */;
			productType = "com.apple.product-type.application";
		};
		EC059AD328E7CD57000E24F1 /* TestTests */ = {
			isa = PBXNativeTarget;
			buildConfigurationList = EC059AEB28E7CD57000E24F1 /* Build configuration list for PBXNativeTarget "TestTests" */;
			buildPhases = (
				EC059AD028E7CD57000E24F1 /* Sources */,
				EC059AD128E7CD57000E24F1 /* Frameworks */,
				EC059AD228E7CD57000E24F1 /* Resources */,
			);
			buildRules = (
			);
			dependencies = (
				EC059AD628E7CD57000E24F1 /* PBXTargetDependency */,
			);
			name = TestTests;
			productName = TestTests;
			productReference = EC059AD428E7CD57000E24F1 /* TestTests.xctest */;
			productType = "com.apple.product-type.bundle.unit-test";
		};
		EC059ADD28E7CD57000E24F1 /* TestUITests */ = {
			isa = PBXNativeTarget;
			buildConfigurationList = EC059AEE28E7CD57000E24F1 /* Build configuration list for PBXNativeTarget "TestUITests" */;
			buildPhases = (
				EC059ADA28E7CD57000E24F1 /* Sources */,
				EC059ADB28E7CD57000E24F1 /* Frameworks */,
				EC059ADC28E7CD57000E24F1 /* Resources */,
			);
			buildRules = (
			);
			dependencies = (
				EC059AE028E7CD57000E24F1 /* PBXTargetDependency */,
			);
			name = TestUITests;
			productName = TestUITests;
			productReference = EC059ADE28E7CD57000E24F1 /* TestUITests.xctest */;
			productType = "com.apple.product-type.bundle.ui-testing";
		};
/* End PBXNativeTarget section */

/* Begin PBXProject section */
		EC059AB628E7CD56000E24F1 /* Project object */ = {
			isa = PBXProject;
			attributes = {
				BuildIndependentTargetsInParallel = 1;
				LastSwiftUpdateCheck = 1340;
				LastUpgradeCheck = 1340;
				TargetAttributes = {
					EC059ABD28E7CD56000E24F1 = {
						CreatedOnToolsVersion = 13.4.1;
					};
					EC059AD328E7CD57000E24F1 = {
						CreatedOnToolsVersion = 13.4.1;
						TestTargetID = EC059ABD28E7CD56000E24F1;
					};
					EC059ADD28E7CD57000E24F1 = {
						CreatedOnToolsVersion = 13.4.1;
						TestTargetID = EC059ABD28E7CD56000E24F1;
					};
				};
			};
			buildConfigurationList = EC059AB928E7CD56000E24F1 /* Build configuration list for PBXProject "Test" */;
			compatibilityVersion = "Xcode 13.0";
			developmentRegion = en;
			hasScannedForEncodings = 0;
			knownRegions = (
				en,
				Base,
			);
			mainGroup = EC059AB528E7CD56000E24F1;
			productRefGroup = EC059ABF28E7CD56000E24F1 /* Products */;
			projectDirPath = "";
			projectRoot = "";
			targets = (
				EC059ABD28E7CD56000E24F1 /* Test */,
				EC059AD328E7CD57000E24F1 /* TestTests */,
				EC059ADD28E7CD57000E24F1 /* TestUITests */,
			);
		};
/* End PBXProject section */

/* Begin PBXResourcesBuildPhase section */
		EC059ABC28E7CD56000E24F1 /* Resources */ = {
			isa = PBXResourcesBuildPhase;
			buildActionMask = 2147483647;
			files = (
				EC059ACE28E7CD57000E24F1 /* LaunchScreen.storyboard in Resources */,
				EC059ACB28E7CD57000E24F1 /* Assets.xcassets in Resources */,
				EC059AC928E7CD56000E24F1 /* Main.storyboard in Resources */,
			);
			runOnlyForDeploymentPostprocessing = 0;
		};
		EC059AD228E7CD57000E24F1 /* Resources */ = {
			isa = PBXResourcesBuildPhase;
			buildActionMask = 2147483647;
			files = (
			);
			runOnlyForDeploymentPostprocessing = 0;
		};
		EC059ADC28E7CD57000E24F1 /* Resources */ = {
			isa = PBXResourcesBuildPhase;
			buildActionMask = 2147483647;
			files = (
			);
			runOnlyForDeploymentPostprocessing = 0;
		};
/* End PBXResourcesBuildPhase section */

/* Begin PBXSourcesBuildPhase section */
		EC059ABA28E7CD56000E24F1 /* Sources */ = {
			isa = PBXSourcesBuildPhase;
			buildActionMask = 2147483647;
			files = (
				EC059AF228E7CDA3000E24F1 /* LottoMachine.swift in Sources */,
				EC059AC628E7CD56000E24F1 /* ViewController.swift in Sources */,
				EC059AC228E7CD56000E24F1 /* AppDelegate.swift in Sources */,
				EC059AC428E7CD56000E24F1 /* SceneDelegate.swift in Sources */,
			);
			runOnlyForDeploymentPostprocessing = 0;
		};
		EC059AD028E7CD57000E24F1 /* Sources */ = {
			isa = PBXSourcesBuildPhase;
			buildActionMask = 2147483647;
			files = (
				EC059AD928E7CD57000E24F1 /* TestTests.swift in Sources */,
			);
			runOnlyForDeploymentPostprocessing = 0;
		};
		EC059ADA28E7CD57000E24F1 /* Sources */ = {
			isa = PBXSourcesBuildPhase;
			buildActionMask = 2147483647;
			files = (
				EC059AE528E7CD57000E24F1 /* TestUITestsLaunchTests.swift in Sources */,
				EC059AE328E7CD57000E24F1 /* TestUITests.swift in Sources */,
			);
			runOnlyForDeploymentPostprocessing = 0;
		};
/* End PBXSourcesBuildPhase section */

/* Begin PBXTargetDependency section */
		EC059AD628E7CD57000E24F1 /* PBXTargetDependency */ = {
			isa = PBXTargetDependency;
			target = EC059ABD28E7CD56000E24F1 /* Test */;
			targetProxy = EC059AD528E7CD57000E24F1 /* PBXContainerItemProxy */;
		};
		EC059AE028E7CD57000E24F1 /* PBXTargetDependency */ = {
			isa = PBXTargetDependency;
			target = EC059ABD28E7CD56000E24F1 /* Test */;
			targetProxy = EC059ADF28E7CD57000E24F1 /* PBXContainerItemProxy */;
		};
/* End PBXTargetDependency section */

/* Begin PBXVariantGroup section */
		EC059AC728E7CD56000E24F1 /* Main.storyboard */ = {
			isa = PBXVariantGroup;
			children = (
				EC059AC828E7CD56000E24F1 /* Base */,
			);
			name = Main.storyboard;
			sourceTree = "<group>";
		};
		EC059ACC28E7CD57000E24F1 /* LaunchScreen.storyboard */ = {
			isa = PBXVariantGroup;
			children = (
				EC059ACD28E7CD57000E24F1 /* Base */,
			);
			name = LaunchScreen.storyboard;
			sourceTree = "<group>";
		};
/* End PBXVariantGroup section */

/* Begin XCBuildConfiguration section */
		EC059AE628E7CD57000E24F1 /* Debug */ = {
			isa = XCBuildConfiguration;
			buildSettings = {
				ALWAYS_SEARCH_USER_PATHS = NO;
				CLANG_ANALYZER_NONNULL = YES;
				CLANG_ANALYZER_NUMBER_OBJECT_CONVERSION = YES_AGGRESSIVE;
				CLANG_CXX_LANGUAGE_STANDARD = "gnu++17";
				CLANG_ENABLE_MODULES = YES;
				CLANG_ENABLE_OBJC_ARC = YES;
				CLANG_ENABLE_OBJC_WEAK = YES;
				CLANG_WARN_BLOCK_CAPTURE_AUTORELEASING = YES;
				CLANG_WARN_BOOL_CONVERSION = YES;
				CLANG_WARN_COMMA = YES;
				CLANG_WARN_CONSTANT_CONVERSION = YES;
				CLANG_WARN_DEPRECATED_OBJC_IMPLEMENTATIONS = YES;
				CLANG_WARN_DIRECT_OBJC_ISA_USAGE = YES_ERROR;
				CLANG_WARN_DOCUMENTATION_COMMENTS = YES;
				CLANG_WARN_EMPTY_BODY = YES;
				CLANG_WARN_ENUM_CONVERSION = YES;
				CLANG_WARN_INFINITE_RECURSION = YES;
				CLANG_WARN_INT_CONVERSION = YES;
				CLANG_WARN_NON_LITERAL_NULL_CONVERSION = YES;
				CLANG_WARN_OBJC_IMPLICIT_RETAIN_SELF = YES;
				CLANG_WARN_OBJC_LITERAL_CONVERSION = YES;
				CLANG_WARN_OBJC_ROOT_CLASS = YES_ERROR;
				CLANG_WARN_QUOTED_INCLUDE_IN_FRAMEWORK_HEADER = YES;
				CLANG_WARN_RANGE_LOOP_ANALYSIS = YES;
				CLANG_WARN_STRICT_PROTOTYPES = YES;
				CLANG_WARN_SUSPICIOUS_MOVE = YES;
				CLANG_WARN_UNGUARDED_AVAILABILITY = YES_AGGRESSIVE;
				CLANG_WARN_UNREACHABLE_CODE = YES;
				CLANG_WARN__DUPLICATE_METHOD_MATCH = YES;
				COPY_PHASE_STRIP = NO;
				DEBUG_INFORMATION_FORMAT = dwarf;
				ENABLE_STRICT_OBJC_MSGSEND = YES;
				ENABLE_TESTABILITY = YES;
				GCC_C_LANGUAGE_STANDARD = gnu11;
				GCC_DYNAMIC_NO_PIC = NO;
				GCC_NO_COMMON_BLOCKS = YES;
				GCC_OPTIMIZATION_LEVEL = 0;
				GCC_PREPROCESSOR_DEFINITIONS = (
					"DEBUG=1",
					"$(inherited)",
				);
				GCC_WARN_64_TO_32_BIT_CONVERSION = YES;
				GCC_WARN_ABOUT_RETURN_TYPE = YES_ERROR;
				GCC_WARN_UNDECLARED_SELECTOR = YES;
				GCC_WARN_UNINITIALIZED_AUTOS = YES_AGGRESSIVE;
				GCC_WARN_UNUSED_FUNCTION = YES;
				GCC_WARN_UNUSED_VARIABLE = YES;
				IPHONEOS_DEPLOYMENT_TARGET = 15.5;
				MTL_ENABLE_DEBUG_INFO = INCLUDE_SOURCE;
				MTL_FAST_MATH = YES;
				ONLY_ACTIVE_ARCH = YES;
				SDKROOT = iphoneos;
				SWIFT_ACTIVE_COMPILATION_CONDITIONS = DEBUG;
				SWIFT_OPTIMIZATION_LEVEL = "-Onone";
			};
			name = Debug;
		};
		EC059AE728E7CD57000E24F1 /* Release */ = {
			isa = XCBuildConfiguration;
			buildSettings = {
				ALWAYS_SEARCH_USER_PATHS = NO;
				CLANG_ANALYZER_NONNULL = YES;
				CLANG_ANALYZER_NUMBER_OBJECT_CONVERSION = YES_AGGRESSIVE;
				CLANG_CXX_LANGUAGE_STANDARD = "gnu++17";
				CLANG_ENABLE_MODULES = YES;
				CLANG_ENABLE_OBJC_ARC = YES;
				CLANG_ENABLE_OBJC_WEAK = YES;
				CLANG_WARN_BLOCK_CAPTURE_AUTORELEASING = YES;
				CLANG_WARN_BOOL_CONVERSION = YES;
				CLANG_WARN_COMMA = YES;
				CLANG_WARN_CONSTANT_CONVERSION = YES;
				CLANG_WARN_DEPRECATED_OBJC_IMPLEMENTATIONS = YES;
				CLANG_WARN_DIRECT_OBJC_ISA_USAGE = YES_ERROR;
				CLANG_WARN_DOCUMENTATION_COMMENTS = YES;
				CLANG_WARN_EMPTY_BODY = YES;
				CLANG_WARN_ENUM_CONVERSION = YES;
				CLANG_WARN_INFINITE_RECURSION = YES;
				CLANG_WARN_INT_CONVERSION = YES;
				CLANG_WARN_NON_LITERAL_NULL_CONVERSION = YES;
				CLANG_WARN_OBJC_IMPLICIT_RETAIN_SELF = YES;
				CLANG_WARN_OBJC_LITERAL_CONVERSION = YES;
				CLANG_WARN_OBJC_ROOT_CLASS = YES_ERROR;
				CLANG_WARN_QUOTED_INCLUDE_IN_FRAMEWORK_HEADER = YES;
				CLANG_WARN_RANGE_LOOP_ANALYSIS = YES;
				CLANG_WARN_STRICT_PROTOTYPES = YES;
				CLANG_WARN_SUSPICIOUS_MOVE = YES;
				CLANG_WARN_UNGUARDED_AVAILABILITY = YES_AGGRESSIVE;
				CLANG_WARN_UNREACHABLE_CODE = YES;
				CLANG_WARN__DUPLICATE_METHOD_MATCH = YES;
				COPY_PHASE_STRIP = NO;
				DEBUG_INFORMATION_FORMAT = "dwarf-with-dsym";
				ENABLE_NS_ASSERTIONS = NO;
				ENABLE_STRICT_OBJC_MSGSEND = YES;
				GCC_C_LANGUAGE_STANDARD = gnu11;
				GCC_NO_COMMON_BLOCKS = YES;
				GCC_WARN_64_TO_32_BIT_CONVERSION = YES;
				GCC_WARN_ABOUT_RETURN_TYPE = YES_ERROR;
				GCC_WARN_UNDECLARED_SELECTOR = YES;
				GCC_WARN_UNINITIALIZED_AUTOS = YES_AGGRESSIVE;
				GCC_WARN_UNUSED_FUNCTION = YES;
				GCC_WARN_UNUSED_VARIABLE = YES;
				IPHONEOS_DEPLOYMENT_TARGET = 15.5;
				MTL_ENABLE_DEBUG_INFO = NO;
				MTL_FAST_MATH = YES;
				SDKROOT = iphoneos;
				SWIFT_COMPILATION_MODE = wholemodule;
				SWIFT_OPTIMIZATION_LEVEL = "-O";
				VALIDATE_PRODUCT = YES;
			};
			name = Release;
		};
		EC059AE928E7CD57000E24F1 /* Debug */ = {
			isa = XCBuildConfiguration;
			buildSettings = {
				ASSETCATALOG_COMPILER_APPICON_NAME = AppIcon;
				ASSETCATALOG_COMPILER_GLOBAL_ACCENT_COLOR_NAME = AccentColor;
				CODE_SIGN_STYLE = Automatic;
				CURRENT_PROJECT_VERSION = 1;
				DEVELOPMENT_TEAM = RQHZUCMHSH;
				GENERATE_INFOPLIST_FILE = YES;
				INFOPLIST_FILE = Test/Info.plist;
				INFOPLIST_KEY_UIApplicationSupportsIndirectInputEvents = YES;
				INFOPLIST_KEY_UILaunchStoryboardName = LaunchScreen;
				INFOPLIST_KEY_UIMainStoryboardFile = Main;
				INFOPLIST_KEY_UISupportedInterfaceOrientations_iPad = "UIInterfaceOrientationPortrait UIInterfaceOrientationPortraitUpsideDown UIInterfaceOrientationLandscapeLeft UIInterfaceOrientationLandscapeRight";
				INFOPLIST_KEY_UISupportedInterfaceOrientations_iPhone = "UIInterfaceOrientationPortrait UIInterfaceOrientationLandscapeLeft UIInterfaceOrientationLandscapeRight";
				LD_RUNPATH_SEARCH_PATHS = (
					"$(inherited)",
					"@executable_path/Frameworks",
				);
				MARKETING_VERSION = 1.0;
				PRODUCT_BUNDLE_IDENTIFIER = seungchan.Test;
				PRODUCT_NAME = "$(TARGET_NAME)";
				SWIFT_EMIT_LOC_STRINGS = YES;
				SWIFT_VERSION = 5.0;
				TARGETED_DEVICE_FAMILY = "1,2";
			};
			name = Debug;
		};
		EC059AEA28E7CD57000E24F1 /* Release */ = {
			isa = XCBuildConfiguration;
			buildSettings = {
				ASSETCATALOG_COMPILER_APPICON_NAME = AppIcon;
				ASSETCATALOG_COMPILER_GLOBAL_ACCENT_COLOR_NAME = AccentColor;
				CODE_SIGN_STYLE = Automatic;
				CURRENT_PROJECT_VERSION = 1;
				DEVELOPMENT_TEAM = RQHZUCMHSH;
				GENERATE_INFOPLIST_FILE = YES;
				INFOPLIST_FILE = Test/Info.plist;
				INFOPLIST_KEY_UIApplicationSupportsIndirectInputEvents = YES;
				INFOPLIST_KEY_UILaunchStoryboardName = LaunchScreen;
				INFOPLIST_KEY_UIMainStoryboardFile = Main;
				INFOPLIST_KEY_UISupportedInterfaceOrientations_iPad = "UIInterfaceOrientationPortrait UIInterfaceOrientationPortraitUpsideDown UIInterfaceOrientationLandscapeLeft UIInterfaceOrientationLandscapeRight";
				INFOPLIST_KEY_UISupportedInterfaceOrientations_iPhone = "UIInterfaceOrientationPortrait UIInterfaceOrientationLandscapeLeft UIInterfaceOrientationLandscapeRight";
				LD_RUNPATH_SEARCH_PATHS = (
					"$(inherited)",
					"@executable_path/Frameworks",
				);
				MARKETING_VERSION = 1.0;
				PRODUCT_BUNDLE_IDENTIFIER = seungchan.Test;
				PRODUCT_NAME = "$(TARGET_NAME)";
				SWIFT_EMIT_LOC_STRINGS = YES;
				SWIFT_VERSION = 5.0;
				TARGETED_DEVICE_FAMILY = "1,2";
			};
			name = Release;
		};
		EC059AEC28E7CD57000E24F1 /* Debug */ = {
			isa = XCBuildConfiguration;
			buildSettings = {
				ALWAYS_EMBED_SWIFT_STANDARD_LIBRARIES = YES;
				BUNDLE_LOADER = "$(TEST_HOST)";
				CODE_SIGN_STYLE = Automatic;
				CURRENT_PROJECT_VERSION = 1;
				DEVELOPMENT_TEAM = RQHZUCMHSH;
				GENERATE_INFOPLIST_FILE = YES;
				IPHONEOS_DEPLOYMENT_TARGET = 15.5;
				MARKETING_VERSION = 1.0;
				PRODUCT_BUNDLE_IDENTIFIER = seungchan.TestTests;
				PRODUCT_NAME = "$(TARGET_NAME)";
				SWIFT_EMIT_LOC_STRINGS = NO;
				SWIFT_VERSION = 5.0;
				TARGETED_DEVICE_FAMILY = "1,2";
				TEST_HOST = "$(BUILT_PRODUCTS_DIR)/Test.app/Test";
			};
			name = Debug;
		};
		EC059AED28E7CD57000E24F1 /* Release */ = {
			isa = XCBuildConfiguration;
			buildSettings = {
				ALWAYS_EMBED_SWIFT_STANDARD_LIBRARIES = YES;
				BUNDLE_LOADER = "$(TEST_HOST)";
				CODE_SIGN_STYLE = Automatic;
				CURRENT_PROJECT_VERSION = 1;
				DEVELOPMENT_TEAM = RQHZUCMHSH;
				GENERATE_INFOPLIST_FILE = YES;
				IPHONEOS_DEPLOYMENT_TARGET = 15.5;
				MARKETING_VERSION = 1.0;
				PRODUCT_BUNDLE_IDENTIFIER = seungchan.TestTests;
				PRODUCT_NAME = "$(TARGET_NAME)";
				SWIFT_EMIT_LOC_STRINGS = NO;
				SWIFT_VERSION = 5.0;
				TARGETED_DEVICE_FAMILY = "1,2";
				TEST_HOST = "$(BUILT_PRODUCTS_DIR)/Test.app/Test";
			};
			name = Release;
		};
		EC059AEF28E7CD57000E24F1 /* Debug */ = {
			isa = XCBuildConfiguration;
			buildSettings = {
				ALWAYS_EMBED_SWIFT_STANDARD_LIBRARIES = YES;
				CODE_SIGN_STYLE = Automatic;
				CURRENT_PROJECT_VERSION = 1;
				DEVELOPMENT_TEAM = RQHZUCMHSH;
				GENERATE_INFOPLIST_FILE = YES;
				MARKETING_VERSION = 1.0;
				PRODUCT_BUNDLE_IDENTIFIER = seungchan.TestUITests;
				PRODUCT_NAME = "$(TARGET_NAME)";
				SWIFT_EMIT_LOC_STRINGS = NO;
				SWIFT_VERSION = 5.0;
				TARGETED_DEVICE_FAMILY = "1,2";
				TEST_TARGET_NAME = Test;
			};
			name = Debug;
		};
		EC059AF028E7CD57000E24F1 /* Release */ = {
			isa = XCBuildConfiguration;
			buildSettings = {
				ALWAYS_EMBED_SWIFT_STANDARD_LIBRARIES = YES;
				CODE_SIGN_STYLE = Automatic;
				CURRENT_PROJECT_VERSION = 1;
				DEVELOPMENT_TEAM = RQHZUCMHSH;
				GENERATE_INFOPLIST_FILE = YES;
				MARKETING_VERSION = 1.0;
				PRODUCT_BUNDLE_IDENTIFIER = seungchan.TestUITests;
				PRODUCT_NAME = "$(TARGET_NAME)";
				SWIFT_EMIT_LOC_STRINGS = NO;
				SWIFT_VERSION = 5.0;
				TARGETED_DEVICE_FAMILY = "1,2";
				TEST_TARGET_NAME = Test;
			};
			name = Release;
		};
/* End XCBuildConfiguration section */

/* Begin XCConfigurationList section */
		EC059AB928E7CD56000E24F1 /* Build configuration list for PBXProject "Test" */ = {
			isa = XCConfigurationList;
			buildConfigurations = (
				EC059AE628E7CD57000E24F1 /* Debug */,
				EC059AE728E7CD57000E24F1 /* Release */,
			);
			defaultConfigurationIsVisible = 0;
			defaultConfigurationName = Release;
		};
		EC059AE828E7CD57000E24F1 /* Build configuration list for PBXNativeTarget "Test" */ = {
			isa = XCConfigurationList;
			buildConfigurations = (
				EC059AE928E7CD57000E24F1 /* Debug */,
				EC059AEA28E7CD57000E24F1 /* Release */,
			);
			defaultConfigurationIsVisible = 0;
			defaultConfigurationName = Release;
		};
		EC059AEB28E7CD57000E24F1 /* Build configuration list for PBXNativeTarget "TestTests" */ = {
			isa = XCConfigurationList;
			buildConfigurations = (
				EC059AEC28E7CD57000E24F1 /* Debug */,
				EC059AED28E7CD57000E24F1 /* Release */,
			);
			defaultConfigurationIsVisible = 0;
			defaultConfigurationName = Release;
		};
		EC059AEE28E7CD57000E24F1 /* Build configuration list for PBXNativeTarget "TestUITests" */ = {
			isa = XCConfigurationList;
			buildConfigurations = (
				EC059AEF28E7CD57000E24F1 /* Debug */,
				EC059AF028E7CD57000E24F1 /* Release */,
			);
			defaultConfigurationIsVisible = 0;
			defaultConfigurationName = Release;
		};
/* End XCConfigurationList section */
	};
	rootObject = EC059AB628E7CD56000E24F1 /* Project object */;
}
